
Microsoft Visual Studio Solution File, Format Version 12.00
# Visual Studio 15
VisualStudioVersion = 15.0.28307.779
MinimumVisualStudioVersion = 10.0.40219.1
Project("{FAE04EC0-301F-11D3-BF4B-00C04F79EFBC}") = "AbsoluteValueSumMinimization", "AbsoluteValueSumMinimization\AbsoluteValueSumMinimization.csproj", "{3A7B6849-1476-41CE-AD41-8387605CEB23}"
EndProject
Global
	GlobalSection(SolutionConfigurationPlatforms) = preSolution
		Debug|Any CPU = Debug|Any CPU
		Release|Any CPU = Release|Any CPU
	EndGlobalSection
	GlobalSection(ProjectConfigurationPlatforms) = postSolution
		{3A7B6849-1476-41CE-AD41-8387605CEB23}.Debug|Any CPU.ActiveCfg = Debug|Any CPU
		{3A7B6849-1476-41CE-AD41-8387605CEB23}.Debug|Any CPU.Build.0 = Debug|Any CPU
		{3A7B6849-1476-41CE-AD41-8387605CEB23}.Release|Any CPU.ActiveCfg = Release|Any CPU
		{3A7B6849-1476-41CE-AD41-8387605CEB23}.Release|Any CPU.Build.0 = Release|Any CPU
	EndGlobalSection
	GlobalSection(SolutionProperties) = preSolution
		HideSolutionNode = FALSE
	EndGlobalSection
	GlobalSection(ExtensibilityGlobals) = postSolution
		SolutionGuid = {AB500798-5976-4345-B56D-84155FF2678D}
	EndGlobalSection
EndGlobal
